
Microsoft Visual Studio Solution File, Format Version 12.00
# Visual Studio Version 16
VisualStudioVersion = 16.0.30717.126
MinimumVisualStudioVersion = 10.0.40219.1
Project("{FAE04EC0-301F-11D3-BF4B-00C04F79EFBC}") = "RestaurantManagementApp", "RestaurantManagementApp\RestaurantManagementApp.csproj", "{ED318FF2-5A52-4AC9-901B-333F6F6DEEFB}"
EndProject
Project("{FAE04EC0-301F-11D3-BF4B-00C04F79EFBC}") = "RMS.DAL", "RMS.DAL\RMS.DAL.csproj", "{D54E6EAC-5690-4D95-9CB4-6A62F52C9307}"
EndProject
Project("{FAE04EC0-301F-11D3-BF4B-00C04F79EFBC}") = "RMS.BLL", "RMS.BLL\RMS.BLL.csproj", "{DBDCEC41-E54B-4F99-A0F2-4EB8E6427225}"
EndProject
Project("{FAE04EC0-301F-11D3-BF4B-00C04F79EFBC}") = "RMS.BO", "RMS.BO\RMS.BO.csproj", "{47416703-EE0D-4A40-AC34-3832F56DD282}"
EndProject
Global
	GlobalSection(SolutionConfigurationPlatforms) = preSolution
		Debug|Any CPU = Debug|Any CPU
		Release|Any CPU = Release|Any CPU
	EndGlobalSection
	GlobalSection(ProjectConfigurationPlatforms) = postSolution
		{ED318FF2-5A52-4AC9-901B-333F6F6DEEFB}.Debug|Any CPU.ActiveCfg = Debug|Any CPU
		{ED318FF2-5A52-4AC9-901B-333F6F6DEEFB}.Debug|Any CPU.Build.0 = Debug|Any CPU
		{ED318FF2-5A52-4AC9-901B-333F6F6DEEFB}.Release|Any CPU.ActiveCfg = Release|Any CPU
		{ED318FF2-5A52-4AC9-901B-333F6F6DEEFB}.Release|Any CPU.Build.0 = Release|Any CPU
		{D54E6EAC-5690-4D95-9CB4-6A62F52C9307}.Debug|Any CPU.ActiveCfg = Debug|Any CPU
		{D54E6EAC-5690-4D95-9CB4-6A62F52C9307}.Debug|Any CPU.Build.0 = Debug|Any CPU
		{D54E6EAC-5690-4D95-9CB4-6A62F52C9307}.Release|Any CPU.ActiveCfg = Release|Any CPU
		{D54E6EAC-5690-4D95-9CB4-6A62F52C9307}.Release|Any CPU.Build.0 = Release|Any CPU
		{DBDCEC41-E54B-4F99-A0F2-4EB8E6427225}.Debug|Any CPU.ActiveCfg = Debug|Any CPU
		{DBDCEC41-E54B-4F99-A0F2-4EB8E6427225}.Debug|Any CPU.Build.0 = Debug|Any CPU
		{DBDCEC41-E54B-4F99-A0F2-4EB8E6427225}.Release|Any CPU.ActiveCfg = Release|Any CPU
		{DBDCEC41-E54B-4F99-A0F2-4EB8E6427225}.Release|Any CPU.Build.0 = Release|Any CPU
		{47416703-EE0D-4A40-AC34-3832F56DD282}.Debug|Any CPU.ActiveCfg = Debug|Any CPU
		{47416703-EE0D-4A40-AC34-3832F56DD282}.Debug|Any CPU.Build.0 = Debug|Any CPU
		{47416703-EE0D-4A40-AC34-3832F56DD282}.Release|Any CPU.ActiveCfg = Release|Any CPU
		{47416703-EE0D-4A40-AC34-3832F56DD282}.Release|Any CPU.Build.0 = Release|Any CPU
	EndGlobalSection
	GlobalSection(SolutionProperties) = preSolution
		HideSolutionNode = FALSE
	EndGlobalSection
	GlobalSection(ExtensibilityGlobals) = postSolution
		SolutionGuid = {0973BA7B-1803-48D6-9F5B-BBBD844DABB6}
	EndGlobalSection
EndGlobal
